// !$*UTF8*$!
{
	archiveVersion = 1;
	classes = {
	};
	objectVersion = 50;
	objects = {

/* Begin PBXBuildFile section */
		7F06E66020840A5E00DBE1F0 /* GoogleService-Info.plist in Resources */ = {isa = PBXBuildFile; fileRef = 7F06E65F20840A5E00DBE1F0 /* GoogleService-Info.plist */; };
		7F06E66220840F9E00DBE1F0 /* RegisterViewController.swift in Sources */ = {isa = PBXBuildFile; fileRef = 7F06E66120840F9E00DBE1F0 /* RegisterViewController.swift */; };
		7F06E66420853C5E00DBE1F0 /* LogoutViewController.swift in Sources */ = {isa = PBXBuildFile; fileRef = 7F06E66320853C5E00DBE1F0 /* LogoutViewController.swift */; };
		7F1CF2A5208F92B700D8D07F /* EmployerViewController.swift in Sources */ = {isa = PBXBuildFile; fileRef = 7F1CF2A4208F92B700D8D07F /* EmployerViewController.swift */; };
		7F1CF2A9208FBEB300D8D07F /* PostJobViewController.swift in Sources */ = {isa = PBXBuildFile; fileRef = 7F1CF2A8208FBEB300D8D07F /* PostJobViewController.swift */; };
		7F1CF2AB208FF60900D8D07F /* PostedJobsListViewController.swift in Sources */ = {isa = PBXBuildFile; fileRef = 7F1CF2AA208FF60800D8D07F /* PostedJobsListViewController.swift */; };
		7F1CF2AD209007B200D8D07F /* EmployerJobTableViewCell.swift in Sources */ = {isa = PBXBuildFile; fileRef = 7F1CF2AC209007B200D8D07F /* EmployerJobTableViewCell.swift */; };
		7F1CF2B12090146F00D8D07F /* Jobs.swift in Sources */ = {isa = PBXBuildFile; fileRef = 7F1CF2B02090146F00D8D07F /* Jobs.swift */; };
		7FB2BC032086DFAC000D3A1E /* RoundedButton.swift in Sources */ = {isa = PBXBuildFile; fileRef = 7FB2BC022086DFAC000D3A1E /* RoundedButton.swift */; };
		7FC1FD502082C8830000ADF8 /* AppDelegate.swift in Sources */ = {isa = PBXBuildFile; fileRef = 7FC1FD4F2082C8830000ADF8 /* AppDelegate.swift */; };
		7FC1FD522082C8830000ADF8 /* ViewController.swift in Sources */ = {isa = PBXBuildFile; fileRef = 7FC1FD512082C8830000ADF8 /* ViewController.swift */; };
		7FC1FD552082C8830000ADF8 /* Main.storyboard in Resources */ = {isa = PBXBuildFile; fileRef = 7FC1FD532082C8830000ADF8 /* Main.storyboard */; };
		7FC1FD572082C8850000ADF8 /* Assets.xcassets in Resources */ = {isa = PBXBuildFile; fileRef = 7FC1FD562082C8850000ADF8 /* Assets.xcassets */; };
		7FC1FD5A2082C8850000ADF8 /* LaunchScreen.storyboard in Resources */ = {isa = PBXBuildFile; fileRef = 7FC1FD582082C8850000ADF8 /* LaunchScreen.storyboard */; };
		D17DC29F8B108A83D97B0A2A /* Pods_JobPortal.framework in Frameworks */ = {isa = PBXBuildFile; fileRef = 8C6B307DAA9B4570457DDBE2 /* Pods_JobPortal.framework */; };
/* End PBXBuildFile section */

/* Begin PBXFileReference section */
		35AC24315F635EF02B95651E /* Pods-JobPortal.release.xcconfig */ = {isa = PBXFileReference; includeInIndex = 1; lastKnownFileType = text.xcconfig; name = "Pods-JobPortal.release.xcconfig"; path = "Pods/Target Support Files/Pods-JobPortal/Pods-JobPortal.release.xcconfig"; sourceTree = "<group>"; };
		4FF6E19412EB8B47FF3A655F /* Pods-JobPortal.debug.xcconfig */ = {isa = PBXFileReference; includeInIndex = 1; lastKnownFileType = text.xcconfig; name = "Pods-JobPortal.debug.xcconfig"; path = "Pods/Target Support Files/Pods-JobPortal/Pods-JobPortal.debug.xcconfig"; sourceTree = "<group>"; };
		7F06E65F20840A5E00DBE1F0 /* GoogleService-Info.plist */ = {isa = PBXFileReference; fileEncoding = 4; lastKnownFileType = text.plist.xml; name = "GoogleService-Info.plist"; path = "../../../../Desktop/GoogleService-Info.plist"; sourceTree = "<group>"; };
		7F06E66120840F9E00DBE1F0 /* RegisterViewController.swift */ = {isa = PBXFileReference; lastKnownFileType = sourcecode.swift; path = RegisterViewController.swift; sourceTree = "<group>"; };
		7F06E66320853C5E00DBE1F0 /* LogoutViewController.swift */ = {isa = PBXFileReference; lastKnownFileType = sourcecode.swift; path = LogoutViewController.swift; sourceTree = "<group>"; };
		7F1CF2A4208F92B700D8D07F /* EmployerViewController.swift */ = {isa = PBXFileReference; lastKnownFileType = sourcecode.swift; path = EmployerViewController.swift; sourceTree = "<group>"; };
		7F1CF2A8208FBEB300D8D07F /* PostJobViewController.swift */ = {isa = PBXFileReference; lastKnownFileType = sourcecode.swift; path = PostJobViewController.swift; sourceTree = "<group>"; };
		7F1CF2AA208FF60800D8D07F /* PostedJobsListViewController.swift */ = {isa = PBXFileReference; lastKnownFileType = sourcecode.swift; path = PostedJobsListViewController.swift; sourceTree = "<group>"; };
		7F1CF2AC209007B200D8D07F /* EmployerJobTableViewCell.swift */ = {isa = PBXFileReference; lastKnownFileType = sourcecode.swift; path = EmployerJobTableViewCell.swift; sourceTree = "<group>"; };
		7F1CF2B02090146F00D8D07F /* Jobs.swift */ = {isa = PBXFileReference; lastKnownFileType = sourcecode.swift; path = Jobs.swift; sourceTree = "<group>"; };
		7FB2BC022086DFAC000D3A1E /* RoundedButton.swift */ = {isa = PBXFileReference; lastKnownFileType = sourcecode.swift; path = RoundedButton.swift; sourceTree = "<group>"; };
		7FC1FD4C2082C8830000ADF8 /* JobPortal.app */ = {isa = PBXFileReference; explicitFileType = wrapper.application; includeInIndex = 0; path = JobPortal.app; sourceTree = BUILT_PRODUCTS_DIR; };
		7FC1FD4F2082C8830000ADF8 /* AppDelegate.swift */ = {isa = PBXFileReference; lastKnownFileType = sourcecode.swift; path = AppDelegate.swift; sourceTree = "<group>"; };
		7FC1FD512082C8830000ADF8 /* ViewController.swift */ = {isa = PBXFileReference; lastKnownFileType = sourcecode.swift; path = ViewController.swift; sourceTree = "<group>"; };
		7FC1FD542082C8830000ADF8 /* Base */ = {isa = PBXFileReference; lastKnownFileType = file.storyboard; name = Base; path = Base.lproj/Main.storyboard; sourceTree = "<group>"; };
		7FC1FD562082C8850000ADF8 /* Assets.xcassets */ = {isa = PBXFileReference; lastKnownFileType = folder.assetcatalog; path = Assets.xcassets; sourceTree = "<group>"; };
		7FC1FD592082C8850000ADF8 /* Base */ = {isa = PBXFileReference; lastKnownFileType = file.storyboard; name = Base; path = Base.lproj/LaunchScreen.storyboard; sourceTree = "<group>"; };
		7FC1FD5B2082C8850000ADF8 /* Info.plist */ = {isa = PBXFileReference; lastKnownFileType = text.plist.xml; path = Info.plist; sourceTree = "<group>"; };
		8C6B307DAA9B4570457DDBE2 /* Pods_JobPortal.framework */ = {isa = PBXFileReference; explicitFileType = wrapper.framework; includeInIndex = 0; path = Pods_JobPortal.framework; sourceTree = BUILT_PRODUCTS_DIR; };
/* End PBXFileReference section */

/* Begin PBXFrameworksBuildPhase section */
		7FC1FD492082C8830000ADF8 /* Frameworks */ = {
			isa = PBXFrameworksBuildPhase;
			buildActionMask = 2147483647;
			files = (
				D17DC29F8B108A83D97B0A2A /* Pods_JobPortal.framework in Frameworks */,
			);
			runOnlyForDeploymentPostprocessing = 0;
		};
/* End PBXFrameworksBuildPhase section */

/* Begin PBXGroup section */
		7FC1FD432082C8830000ADF8 = {
			isa = PBXGroup;
			children = (
				7FC1FD4E2082C8830000ADF8 /* JobPortal */,
				7FC1FD4D2082C8830000ADF8 /* Products */,
				DF9B71935FEA2F9FFD3E7167 /* Pods */,
				93F797732E202D8BD3DB29AF /* Frameworks */,
			);
			sourceTree = "<group>";
		};
		7FC1FD4D2082C8830000ADF8 /* Products */ = {
			isa = PBXGroup;
			children = (
				7FC1FD4C2082C8830000ADF8 /* JobPortal.app */,
			);
			name = Products;
			sourceTree = "<group>";
		};
		7FC1FD4E2082C8830000ADF8 /* JobPortal */ = {
			isa = PBXGroup;
			children = (
				7FC1FD4F2082C8830000ADF8 /* AppDelegate.swift */,
				7FC1FD512082C8830000ADF8 /* ViewController.swift */,
				7F06E66120840F9E00DBE1F0 /* RegisterViewController.swift */,
				7FC1FD532082C8830000ADF8 /* Main.storyboard */,
				7FC1FD562082C8850000ADF8 /* Assets.xcassets */,
				7FC1FD582082C8850000ADF8 /* LaunchScreen.storyboard */,
				7FC1FD5B2082C8850000ADF8 /* Info.plist */,
				7F06E65F20840A5E00DBE1F0 /* GoogleService-Info.plist */,
				7F06E66320853C5E00DBE1F0 /* LogoutViewController.swift */,
				7FB2BC022086DFAC000D3A1E /* RoundedButton.swift */,
				7F1CF2A4208F92B700D8D07F /* EmployerViewController.swift */,
				7F1CF2A8208FBEB300D8D07F /* PostJobViewController.swift */,
				7F1CF2AA208FF60800D8D07F /* PostedJobsListViewController.swift */,
				7F1CF2AC209007B200D8D07F /* EmployerJobTableViewCell.swift */,
				7F1CF2B02090146F00D8D07F /* Jobs.swift */,
			);
			path = JobPortal;
			sourceTree = "<group>";
		};
		93F797732E202D8BD3DB29AF /* Frameworks */ = {
			isa = PBXGroup;
			children = (
				8C6B307DAA9B4570457DDBE2 /* Pods_JobPortal.framework */,
			);
			name = Frameworks;
			sourceTree = "<group>";
		};
		DF9B71935FEA2F9FFD3E7167 /* Pods */ = {
			isa = PBXGroup;
			children = (
				4FF6E19412EB8B47FF3A655F /* Pods-JobPortal.debug.xcconfig */,
				35AC24315F635EF02B95651E /* Pods-JobPortal.release.xcconfig */,
			);
			name = Pods;
			sourceTree = "<group>";
		};
/* End PBXGroup section */

/* Begin PBXNativeTarget section */
		7FC1FD4B2082C8830000ADF8 /* JobPortal */ = {
			isa = PBXNativeTarget;
			buildConfigurationList = 7FC1FD5E2082C8850000ADF8 /* Build configuration list for PBXNativeTarget "JobPortal" */;
			buildPhases = (
				3C31B1D6361A9A44B1CCB1E4 /* [CP] Check Pods Manifest.lock */,
				7FC1FD482082C8830000ADF8 /* Sources */,
				7FC1FD492082C8830000ADF8 /* Frameworks */,
				7FC1FD4A2082C8830000ADF8 /* Resources */,
				877D8BAB461E32D555B847E7 /* [CP] Embed Pods Frameworks */,
			);
			buildRules = (
			);
			dependencies = (
			);
			name = JobPortal;
			productName = JobPortal;
			productReference = 7FC1FD4C2082C8830000ADF8 /* JobPortal.app */;
			productType = "com.apple.product-type.application";
		};
/* End PBXNativeTarget section */

/* Begin PBXProject section */
		7FC1FD442082C8830000ADF8 /* Project object */ = {
			isa = PBXProject;
			attributes = {
				LastSwiftUpdateCheck = 0930;
				LastUpgradeCheck = 0930;
				ORGANIZATIONNAME = "Simi Foss";
				TargetAttributes = {
					7FC1FD4B2082C8830000ADF8 = {
						CreatedOnToolsVersion = 9.3;
					};
				};
			};
			buildConfigurationList = 7FC1FD472082C8830000ADF8 /* Build configuration list for PBXProject "JobPortal" */;
			compatibilityVersion = "Xcode 9.3";
			developmentRegion = en;
			hasScannedForEncodings = 0;
			knownRegions = (
				en,
				Base,
			);
			mainGroup = 7FC1FD432082C8830000ADF8;
			productRefGroup = 7FC1FD4D2082C8830000ADF8 /* Products */;
			projectDirPath = "";
			projectRoot = "";
			targets = (
				7FC1FD4B2082C8830000ADF8 /* JobPortal */,
			);
		};
/* End PBXProject section */

/* Begin PBXResourcesBuildPhase section */
		7FC1FD4A2082C8830000ADF8 /* Resources */ = {
			isa = PBXResourcesBuildPhase;
			buildActionMask = 2147483647;
			files = (
				7FC1FD5A2082C8850000ADF8 /* LaunchScreen.storyboard in Resources */,
				7F06E66020840A5E00DBE1F0 /* GoogleService-Info.plist in Resources */,
				7FC1FD572082C8850000ADF8 /* Assets.xcassets in Resources */,
				7FC1FD552082C8830000ADF8 /* Main.storyboard in Resources */,
			);
			runOnlyForDeploymentPostprocessing = 0;
		};
/* End PBXResourcesBuildPhase section */

/* Begin PBXShellScriptBuildPhase section */
		3C31B1D6361A9A44B1CCB1E4 /* [CP] Check Pods Manifest.lock */ = {
			isa = PBXShellScriptBuildPhase;
			buildActionMask = 2147483647;
			files = (
			);
			inputPaths = (
				"${PODS_PODFILE_DIR_PATH}/Podfile.lock",
				"${PODS_ROOT}/Manifest.lock",
			);
			name = "[CP] Check Pods Manifest.lock";
			outputPaths = (
				"$(DERIVED_FILE_DIR)/Pods-JobPortal-checkManifestLockResult.txt",
			);
			runOnlyForDeploymentPostprocessing = 0;
			shellPath = /bin/sh;
			shellScript = "diff \"${PODS_PODFILE_DIR_PATH}/Podfile.lock\" \"${PODS_ROOT}/Manifest.lock\" > /dev/null\nif [ $? != 0 ] ; then\n    # print error to STDERR\n    echo \"error: The sandbox is not in sync with the Podfile.lock. Run 'pod install' or update your CocoaPods installation.\" >&2\n    exit 1\nfi\n# This output is used by Xcode 'outputs' to avoid re-running this script phase.\necho \"SUCCESS\" > \"${SCRIPT_OUTPUT_FILE_0}\"\n";
			showEnvVarsInLog = 0;
		};
		877D8BAB461E32D555B847E7 /* [CP] Embed Pods Frameworks */ = {
			isa = PBXShellScriptBuildPhase;
			buildActionMask = 2147483647;
			files = (
			);
			inputPaths = (
				"${SRCROOT}/Pods/Target Support Files/Pods-JobPortal/Pods-JobPortal-frameworks.sh",
				"${BUILT_PRODUCTS_DIR}/GTMSessionFetcher/GTMSessionFetcher.framework",
				"${BUILT_PRODUCTS_DIR}/GoogleToolboxForMac/GoogleToolboxForMac.framework",
				"${BUILT_PRODUCTS_DIR}/leveldb-library/leveldb.framework",
				"${BUILT_PRODUCTS_DIR}/nanopb/nanopb.framework",
			);
			name = "[CP] Embed Pods Frameworks";
			outputPaths = (
				"${TARGET_BUILD_DIR}/${FRAMEWORKS_FOLDER_PATH}/GTMSessionFetcher.framework",
				"${TARGET_BUILD_DIR}/${FRAMEWORKS_FOLDER_PATH}/GoogleToolboxForMac.framework",
				"${TARGET_BUILD_DIR}/${FRAMEWORKS_FOLDER_PATH}/leveldb.framework",
				"${TARGET_BUILD_DIR}/${FRAMEWORKS_FOLDER_PATH}/nanopb.framework",
			);
			runOnlyForDeploymentPostprocessing = 0;
			shellPath = /bin/sh;
			shellScript = "\"${SRCROOT}/Pods/Target Support Files/Pods-JobPortal/Pods-JobPortal-frameworks.sh\"\n";
			showEnvVarsInLog = 0;
		};
/* End PBXShellScriptBuildPhase section */

/* Begin PBXSourcesBuildPhase section */
		7FC1FD482082C8830000ADF8 /* Sources */ = {
			isa = PBXSourcesBuildPhase;
			buildActionMask = 2147483647;
			files = (
				7F06E66220840F9E00DBE1F0 /* RegisterViewController.swift in Sources */,
				7F1CF2AB208FF60900D8D07F /* PostedJobsListViewController.swift in Sources */,
				7F1CF2A5208F92B700D8D07F /* EmployerViewController.swift in Sources */,
				7F1CF2AD209007B200D8D07F /* EmployerJobTableViewCell.swift in Sources */,
				7FB2BC032086DFAC000D3A1E /* RoundedButton.swift in Sources */,
				7F1CF2B12090146F00D8D07F /* Jobs.swift in Sources */,
				7FC1FD522082C8830000ADF8 /* ViewController.swift in Sources */,
				7F06E66420853C5E00DBE1F0 /* LogoutViewController.swift in Sources */,
				7FC1FD502082C8830000ADF8 /* AppDelegate.swift in Sources */,
				7F1CF2A9208FBEB300D8D07F /* PostJobViewController.swift in Sources */,
			);
			runOnlyForDeploymentPostprocessing = 0;
		};
/* End PBXSourcesBuildPhase section */

/* Begin PBXVariantGroup section */
		7FC1FD532082C8830000ADF8 /* Main.storyboard */ = {
			isa = PBXVariantGroup;
			children = (
				7FC1FD542082C8830000ADF8 /* Base */,
			);
			name = Main.storyboard;
			sourceTree = "<group>";
		};
		7FC1FD582082C8850000ADF8 /* LaunchScreen.storyboard */ = {
			isa = PBXVariantGroup;
			children = (
				7FC1FD592082C8850000ADF8 /* Base */,
			);
			name = LaunchScreen.storyboard;
			sourceTree = "<group>";
		};
/* End PBXVariantGroup section */

/* Begin XCBuildConfiguration section */
		7FC1FD5C2082C8850000ADF8 /* Debug */ = {
			isa = XCBuildConfiguration;
			buildSettings = {
				ALWAYS_SEARCH_USER_PATHS = NO;
				CLANG_ANALYZER_NONNULL = YES;
				CLANG_ANALYZER_NUMBER_OBJECT_CONVERSION = YES_AGGRESSIVE;
				CLANG_CXX_LANGUAGE_STANDARD = "gnu++14";
				CLANG_CXX_LIBRARY = "libc++";
				CLANG_ENABLE_MODULES = YES;
				CLANG_ENABLE_OBJC_ARC = YES;
				CLANG_ENABLE_OBJC_WEAK = YES;
				CLANG_WARN_BLOCK_CAPTURE_AUTORELEASING = YES;
				CLANG_WARN_BOOL_CONVERSION = YES;
				CLANG_WARN_COMMA = YES;
				CLANG_WARN_CONSTANT_CONVERSION = YES;
				CLANG_WARN_DEPRECATED_OBJC_IMPLEMENTATIONS = YES;
				CLANG_WARN_DIRECT_OBJC_ISA_USAGE = YES_ERROR;
				CLANG_WARN_DOCUMENTATION_COMMENTS = YES;
				CLANG_WARN_EMPTY_BODY = YES;
				CLANG_WARN_ENUM_CONVERSION = YES;
				CLANG_WARN_INFINITE_RECURSION = YES;
				CLANG_WARN_INT_CONVERSION = YES;
				CLANG_WARN_NON_LITERAL_NULL_CONVERSION = YES;
				CLANG_WARN_OBJC_IMPLICIT_RETAIN_SELF = YES;
				CLANG_WARN_OBJC_LITERAL_CONVERSION = YES;
				CLANG_WARN_OBJC_ROOT_CLASS = YES_ERROR;
				CLANG_WARN_RANGE_LOOP_ANALYSIS = YES;
				CLANG_WARN_STRICT_PROTOTYPES = YES;
				CLANG_WARN_SUSPICIOUS_MOVE = YES;
				CLANG_WARN_UNGUARDED_AVAILABILITY = YES_AGGRESSIVE;
				CLANG_WARN_UNREACHABLE_CODE = YES;
				CLANG_WARN__DUPLICATE_METHOD_MATCH = YES;
				CODE_SIGN_IDENTITY = "iPhone Developer";
				COPY_PHASE_STRIP = NO;
				DEBUG_INFORMATION_FORMAT = dwarf;
				ENABLE_STRICT_OBJC_MSGSEND = YES;
				ENABLE_TESTABILITY = YES;
				GCC_C_LANGUAGE_STANDARD = gnu11;
				GCC_DYNAMIC_NO_PIC = NO;
				GCC_NO_COMMON_BLOCKS = YES;
				GCC_OPTIMIZATION_LEVEL = 0;
				GCC_PREPROCESSOR_DEFINITIONS = (
					"DEBUG=1",
					"$(inherited)",
				);
				GCC_WARN_64_TO_32_BIT_CONVERSION = YES;
				GCC_WARN_ABOUT_RETURN_TYPE = YES_ERROR;
				GCC_WARN_UNDECLARED_SELECTOR = YES;
				GCC_WARN_UNINITIALIZED_AUTOS = YES_AGGRESSIVE;
				GCC_WARN_UNUSED_FUNCTION = YES;
				GCC_WARN_UNUSED_VARIABLE = YES;
				IPHONEOS_DEPLOYMENT_TARGET = 11.3;
				MTL_ENABLE_DEBUG_INFO = YES;
				ONLY_ACTIVE_ARCH = YES;
				SDKROOT = iphoneos;
				SWIFT_ACTIVE_COMPILATION_CONDITIONS = DEBUG;
				SWIFT_OPTIMIZATION_LEVEL = "-Onone";
			};
			name = Debug;
		};
		7FC1FD5D2082C8850000ADF8 /* Release */ = {
			isa = XCBuildConfiguration;
			buildSettings = {
				ALWAYS_SEARCH_USER_PATHS = NO;
				CLANG_ANALYZER_NONNULL = YES;
				CLANG_ANALYZER_NUMBER_OBJECT_CONVERSION = YES_AGGRESSIVE;
				CLANG_CXX_LANGUAGE_STANDARD = "gnu++14";
				CLANG_CXX_LIBRARY = "libc++";
				CLANG_ENABLE_MODULES = YES;
				CLANG_ENABLE_OBJC_ARC = YES;
				CLANG_ENABLE_OBJC_WEAK = YES;
				CLANG_WARN_BLOCK_CAPTURE_AUTORELEASING = YES;
				CLANG_WARN_BOOL_CONVERSION = YES;
				CLANG_WARN_COMMA = YES;
				CLANG_WARN_CONSTANT_CONVERSION = YES;
				CLANG_WARN_DEPRECATED_OBJC_IMPLEMENTATIONS = YES;
				CLANG_WARN_DIRECT_OBJC_ISA_USAGE = YES_ERROR;
				CLANG_WARN_DOCUMENTATION_COMMENTS = YES;
				CLANG_WARN_EMPTY_BODY = YES;
				CLANG_WARN_ENUM_CONVERSION = YES;
				CLANG_WARN_INFINITE_RECURSION = YES;
				CLANG_WARN_INT_CONVERSION = YES;
				CLANG_WARN_NON_LITERAL_NULL_CONVERSION = YES;
				CLANG_WARN_OBJC_IMPLICIT_RETAIN_SELF = YES;
				CLANG_WARN_OBJC_LITERAL_CONVERSION = YES;
				CLANG_WARN_OBJC_ROOT_CLASS = YES_ERROR;
				CLANG_WARN_RANGE_LOOP_ANALYSIS = YES;
				CLANG_WARN_STRICT_PROTOTYPES = YES;
				CLANG_WARN_SUSPICIOUS_MOVE = YES;
				CLANG_WARN_UNGUARDED_AVAILABILITY = YES_AGGRESSIVE;
				CLANG_WARN_UNREACHABLE_CODE = YES;
				CLANG_WARN__DUPLICATE_METHOD_MATCH = YES;
				CODE_SIGN_IDENTITY = "iPhone Developer";
				COPY_PHASE_STRIP = NO;
				DEBUG_INFORMATION_FORMAT = "dwarf-with-dsym";
				ENABLE_NS_ASSERTIONS = NO;
				ENABLE_STRICT_OBJC_MSGSEND = YES;
				GCC_C_LANGUAGE_STANDARD = gnu11;
				GCC_NO_COMMON_BLOCKS = YES;
				GCC_WARN_64_TO_32_BIT_CONVERSION = YES;
				GCC_WARN_ABOUT_RETURN_TYPE = YES_ERROR;
				GCC_WARN_UNDECLARED_SELECTOR = YES;
				GCC_WARN_UNINITIALIZED_AUTOS = YES_AGGRESSIVE;
				GCC_WARN_UNUSED_FUNCTION = YES;
				GCC_WARN_UNUSED_VARIABLE = YES;
				IPHONEOS_DEPLOYMENT_TARGET = 11.3;
				MTL_ENABLE_DEBUG_INFO = NO;
				SDKROOT = iphoneos;
				SWIFT_COMPILATION_MODE = wholemodule;
				SWIFT_OPTIMIZATION_LEVEL = "-O";
				VALIDATE_PRODUCT = YES;
			};
			name = Release;
		};
		7FC1FD5F2082C8850000ADF8 /* Debug */ = {
			isa = XCBuildConfiguration;
			baseConfigurationReference = 4FF6E19412EB8B47FF3A655F /* Pods-JobPortal.debug.xcconfig */;
			buildSettings = {
				ASSETCATALOG_COMPILER_APPICON_NAME = AppIcon;
				CODE_SIGN_STYLE = Automatic;
				INFOPLIST_FILE = JobPortal/Info.plist;
				LD_RUNPATH_SEARCH_PATHS = (
					"$(inherited)",
					"@executable_path/Frameworks",
				);
				PRODUCT_BUNDLE_IDENTIFIER = Smartphones.FinalProject;
				PRODUCT_NAME = "$(TARGET_NAME)";
				SWIFT_VERSION = 4.0;
				TARGETED_DEVICE_FAMILY = "1,2";
			};
			name = Debug;
		};
		7FC1FD602082C8850000ADF8 /* Release */ = {
			isa = XCBuildConfiguration;
			baseConfigurationReference = 35AC24315F635EF02B95651E /* Pods-JobPortal.release.xcconfig */;
			buildSettings = {
				ASSETCATALOG_COMPILER_APPICON_NAME = AppIcon;
				CODE_SIGN_STYLE = Automatic;
				INFOPLIST_FILE = JobPortal/Info.plist;
				LD_RUNPATH_SEARCH_PATHS = (
					"$(inherited)",
					"@executable_path/Frameworks",
				);
				PRODUCT_BUNDLE_IDENTIFIER = Smartphones.FinalProject;
				PRODUCT_NAME = "$(TARGET_NAME)";
				SWIFT_VERSION = 4.0;
				TARGETED_DEVICE_FAMILY = "1,2";
			};
			name = Release;
		};
/* End XCBuildConfiguration section */

/* Begin XCConfigurationList section */
		7FC1FD472082C8830000ADF8 /* Build configuration list for PBXProject "JobPortal" */ = {
			isa = XCConfigurationList;
			buildConfigurations = (
				7FC1FD5C2082C8850000ADF8 /* Debug */,
				7FC1FD5D2082C8850000ADF8 /* Release */,
			);
			defaultConfigurationIsVisible = 0;
			defaultConfigurationName = Release;
		};
		7FC1FD5E2082C8850000ADF8 /* Build configuration list for PBXNativeTarget "JobPortal" */ = {
			isa = XCConfigurationList;
			buildConfigurations = (
				7FC1FD5F2082C8850000ADF8 /* Debug */,
				7FC1FD602082C8850000ADF8 /* Release */,
			);
			defaultConfigurationIsVisible = 0;
			defaultConfigurationName = Release;
		};
/* End XCConfigurationList section */
	};
	rootObject = 7FC1FD442082C8830000ADF8 /* Project object */;
}
