// !$*UTF8*$!
{
	archiveVersion = 1;
	classes = {
	};
	objectVersion = 50;
	objects = {

/* Begin PBXBuildFile section */
		7FC1FD502082C8830000ADF8 /* AppDelegate.swift in Sources */ = {isa = PBXBuildFile; fileRef = 7FC1FD4F2082C8830000ADF8 /* AppDelegate.swift */; };
		7FC1FD522082C8830000ADF8 /* ViewController.swift in Sources */ = {isa = PBXBuildFile; fileRef = 7FC1FD512082C8830000ADF8 /* ViewController.swift */; };
		7FC1FD552082C8830000ADF8 /* Main.storyboard in Resources */ = {isa = PBXBuildFile; fileRef = 7FC1FD532082C8830000ADF8 /* Main.storyboard */; };
		7FC1FD572082C8850000ADF8 /* Assets.xcassets in Resources */ = {isa = PBXBuildFile; fileRef = 7FC1FD562082C8850000ADF8 /* Assets.xcassets */; };
		7FC1FD5A2082C8850000ADF8 /* LaunchScreen.storyboard in Resources */ = {isa = PBXBuildFile; fileRef = 7FC1FD582082C8850000ADF8 /* LaunchScreen.storyboard */; };
/* End PBXBuildFile section */

/* Begin PBXFileReference section */
		7FC1FD4C2082C8830000ADF8 /* JobPortal.app */ = {isa = PBXFileReference; explicitFileType = wrapper.application; includeInIndex = 0; path = JobPortal.app; sourceTree = BUILT_PRODUCTS_DIR; };
		7FC1FD4F2082C8830000ADF8 /* AppDelegate.swift */ = {isa = PBXFileReference; lastKnownFileType = sourcecode.swift; path = AppDelegate.swift; sourceTree = "<group>"; };
		7FC1FD512082C8830000ADF8 /* ViewController.swift */ = {isa = PBXFileReference; lastKnownFileType = sourcecode.swift; path = ViewController.swift; sourceTree = "<group>"; };
		7FC1FD542082C8830000ADF8 /* Base */ = {isa = PBXFileReference; lastKnownFileType = file.storyboard; name = Base; path = Base.lproj/Main.storyboard; sourceTree = "<group>"; };
		7FC1FD562082C8850000ADF8 /* Assets.xcassets */ = {isa = PBXFileReference; lastKnownFileType = folder.assetcatalog; path = Assets.xcassets; sourceTree = "<group>"; };
		7FC1FD592082C8850000ADF8 /* Base */ = {isa = PBXFileReference; lastKnownFileType = file.storyboard; name = Base; path = Base.lproj/LaunchScreen.storyboard; sourceTree = "<group>"; };
		7FC1FD5B2082C8850000ADF8 /* Info.plist */ = {isa = PBXFileReference; lastKnownFileType = text.plist.xml; path = Info.plist; sourceTree = "<group>"; };
/* End PBXFileReference section */

/* Begin PBXFrameworksBuildPhase section */
		7FC1FD492082C8830000ADF8 /* Frameworks */ = {
			isa = PBXFrameworksBuildPhase;
			buildActionMask = 2147483647;
			files = (
			);
			runOnlyForDeploymentPostprocessing = 0;
		};
/* End PBXFrameworksBuildPhase section */

/* Begin PBXGroup section */
		7FC1FD432082C8830000ADF8 = {
			isa = PBXGroup;
			children = (
				7FC1FD4E2082C8830000ADF8 /* JobPortal */,
				7FC1FD4D2082C8830000ADF8 /* Products */,
			);
			sourceTree = "<group>";
		};
		7FC1FD4D2082C8830000ADF8 /* Products */ = {
			isa = PBXGroup;
			children = (
				7FC1FD4C2082C8830000ADF8 /* JobPortal.app */,
			);
			name = Products;
			sourceTree = "<group>";
		};
		7FC1FD4E2082C8830000ADF8 /* JobPortal */ = {
			isa = PBXGroup;
			children = (
				7FC1FD4F2082C8830000ADF8 /* AppDelegate.swift */,
				7FC1FD512082C8830000ADF8 /* ViewController.swift */,
				7FC1FD532082C8830000ADF8 /* Main.storyboard */,
				7FC1FD562082C8850000ADF8 /* Assets.xcassets */,
				7FC1FD582082C8850000ADF8 /* LaunchScreen.storyboard */,
				7FC1FD5B2082C8850000ADF8 /* Info.plist */,
			);
			path = JobPortal;
			sourceTree = "<group>";
		};
/* End PBXGroup section */

/* Begin PBXNativeTarget section */
		7FC1FD4B2082C8830000ADF8 /* JobPortal */ = {
			isa = PBXNativeTarget;
			buildConfigurationList = 7FC1FD5E2082C8850000ADF8 /* Build configuration list for PBXNativeTarget "JobPortal" */;
			buildPhases = (
				7FC1FD482082C8830000ADF8 /* Sources */,
				7FC1FD492082C8830000ADF8 /* Frameworks */,
				7FC1FD4A2082C8830000ADF8 /* Resources */,
			);
			buildRules = (
			);
			dependencies = (
			);
			name = JobPortal;
			productName = JobPortal;
			productReference = 7FC1FD4C2082C8830000ADF8 /* JobPortal.app */;
			productType = "com.apple.product-type.application";
		};
/* End PBXNativeTarget section */

/* Begin PBXProject section */
		7FC1FD442082C8830000ADF8 /* Project object */ = {
			isa = PBXProject;
			attributes = {
				LastSwiftUpdateCheck = 0930;
				LastUpgradeCheck = 0930;
				ORGANIZATIONNAME = "Simi Foss";
				TargetAttributes = {
					7FC1FD4B2082C8830000ADF8 = {
						CreatedOnToolsVersion = 9.3;
					};
				};
			};
			buildConfigurationList = 7FC1FD472082C8830000ADF8 /* Build configuration list for PBXProject "JobPortal" */;
			compatibilityVersion = "Xcode 9.3";
			developmentRegion = en;
			hasScannedForEncodings = 0;
			knownRegions = (
				en,
				Base,
			);
			mainGroup = 7FC1FD432082C8830000ADF8;
			productRefGroup = 7FC1FD4D2082C8830000ADF8 /* Products */;
			projectDirPath = "";
			projectRoot = "";
			targets = (
				7FC1FD4B2082C8830000ADF8 /* JobPortal */,
			);
		};
/* End PBXProject section */

/* Begin PBXResourcesBuildPhase section */
		7FC1FD4A2082C8830000ADF8 /* Resources */ = {
			isa = PBXResourcesBuildPhase;
			buildActionMask = 2147483647;
			files = (
				7FC1FD5A2082C8850000ADF8 /* LaunchScreen.storyboard in Resources */,
				7FC1FD572082C8850000ADF8 /* Assets.xcassets in Resources */,
				7FC1FD552082C8830000ADF8 /* Main.storyboard in Resources */,
			);
			runOnlyForDeploymentPostprocessing = 0;
		};
/* End PBXResourcesBuildPhase section */

/* Begin PBXSourcesBuildPhase section */
		7FC1FD482082C8830000ADF8 /* Sources */ = {
			isa = PBXSourcesBuildPhase;
			buildActionMask = 2147483647;
			files = (
				7FC1FD522082C8830000ADF8 /* ViewController.swift in Sources */,
				7FC1FD502082C8830000ADF8 /* AppDelegate.swift in Sources */,
			);
			runOnlyForDeploymentPostprocessing = 0;
		};
/* End PBXSourcesBuildPhase section */

/* Begin PBXVariantGroup section */
		7FC1FD532082C8830000ADF8 /* Main.storyboard */ = {
			isa = PBXVariantGroup;
			children = (
				7FC1FD542082C8830000ADF8 /* Base */,
			);
			name = Main.storyboard;
			sourceTree = "<group>";
		};
		7FC1FD582082C8850000ADF8 /* LaunchScreen.storyboard */ = {
			isa = PBXVariantGroup;
			children = (
				7FC1FD592082C8850000ADF8 /* Base */,
			);
			name = LaunchScreen.storyboard;
			sourceTree = "<group>";
		};
/* End PBXVariantGroup section */

/* Begin XCBuildConfiguration section */
		7FC1FD5C2082C8850000ADF8 /* Debug */ = {
			isa = XCBuildConfiguration;
			buildSettings = {
				ALWAYS_SEARCH_USER_PATHS = NO;
				CLANG_ANALYZER_NONNULL = YES;
				CLANG_ANALYZER_NUMBER_OBJECT_CONVERSION = YES_AGGRESSIVE;
				CLANG_CXX_LANGUAGE_STANDARD = "gnu++14";
				CLANG_CXX_LIBRARY = "libc++";
				CLANG_ENABLE_MODULES = YES;
				CLANG_ENABLE_OBJC_ARC = YES;
				CLANG_ENABLE_OBJC_WEAK = YES;
				CLANG_WARN_BLOCK_CAPTURE_AUTORELEASING = YES;
				CLANG_WARN_BOOL_CONVERSION = YES;
				CLANG_WARN_COMMA = YES;
				CLANG_WARN_CONSTANT_CONVERSION = YES;
				CLANG_WARN_DEPRECATED_OBJC_IMPLEMENTATIONS = YES;
				CLANG_WARN_DIRECT_OBJC_ISA_USAGE = YES_ERROR;
				CLANG_WARN_DOCUMENTATION_COMMENTS = YES;
				CLANG_WARN_EMPTY_BODY = YES;
				CLANG_WARN_ENUM_CONVERSION = YES;
				CLANG_WARN_INFINITE_RECURSION = YES;
				CLANG_WARN_INT_CONVERSION = YES;
				CLANG_WARN_NON_LITERAL_NULL_CONVERSION = YES;
				CLANG_WARN_OBJC_IMPLICIT_RETAIN_SELF = YES;
				CLANG_WARN_OBJC_LITERAL_CONVERSION = YES;
				CLANG_WARN_OBJC_ROOT_CLASS = YES_ERROR;
				CLANG_WARN_RANGE_LOOP_ANALYSIS = YES;
				CLANG_WARN_STRICT_PROTOTYPES = YES;
				CLANG_WARN_SUSPICIOUS_MOVE = YES;
				CLANG_WARN_UNGUARDED_AVAILABILITY = YES_AGGRESSIVE;
				CLANG_WARN_UNREACHABLE_CODE = YES;
				CLANG_WARN__DUPLICATE_METHOD_MATCH = YES;
				CODE_SIGN_IDENTITY = "iPhone Developer";
				COPY_PHASE_STRIP = NO;
				DEBUG_INFORMATION_FORMAT = dwarf;
				ENABLE_STRICT_OBJC_MSGSEND = YES;
				ENABLE_TESTABILITY = YES;
				GCC_C_LANGUAGE_STANDARD = gnu11;
				GCC_DYNAMIC_NO_PIC = NO;
				GCC_NO_COMMON_BLOCKS = YES;
				GCC_OPTIMIZATION_LEVEL = 0;
				GCC_PREPROCESSOR_DEFINITIONS = (
					"DEBUG=1",
					"$(inherited)",
				);
				GCC_WARN_64_TO_32_BIT_CONVERSION = YES;
				GCC_WARN_ABOUT_RETURN_TYPE = YES_ERROR;
				GCC_WARN_UNDECLARED_SELECTOR = YES;
				GCC_WARN_UNINITIALIZED_AUTOS = YES_AGGRESSIVE;
				GCC_WARN_UNUSED_FUNCTION = YES;
				GCC_WARN_UNUSED_VARIABLE = YES;
				IPHONEOS_DEPLOYMENT_TARGET = 11.3;
				MTL_ENABLE_DEBUG_INFO = YES;
				ONLY_ACTIVE_ARCH = YES;
				SDKROOT = iphoneos;
				SWIFT_ACTIVE_COMPILATION_CONDITIONS = DEBUG;
				SWIFT_OPTIMIZATION_LEVEL = "-Onone";
			};
			name = Debug;
		};
		7FC1FD5D2082C8850000ADF8 /* Release */ = {
			isa = XCBuildConfiguration;
			buildSettings = {
				ALWAYS_SEARCH_USER_PATHS = NO;
				CLANG_ANALYZER_NONNULL = YES;
				CLANG_ANALYZER_NUMBER_OBJECT_CONVERSION = YES_AGGRESSIVE;
				CLANG_CXX_LANGUAGE_STANDARD = "gnu++14";
				CLANG_CXX_LIBRARY = "libc++";
				CLANG_ENABLE_MODULES = YES;
				CLANG_ENABLE_OBJC_ARC = YES;
				CLANG_ENABLE_OBJC_WEAK = YES;
				CLANG_WARN_BLOCK_CAPTURE_AUTORELEASING = YES;
				CLANG_WARN_BOOL_CONVERSION = YES;
				CLANG_WARN_COMMA = YES;
				CLANG_WARN_CONSTANT_CONVERSION = YES;
				CLANG_WARN_DEPRECATED_OBJC_IMPLEMENTATIONS = YES;
				CLANG_WARN_DIRECT_OBJC_ISA_USAGE = YES_ERROR;
				CLANG_WARN_DOCUMENTATION_COMMENTS = YES;
				CLANG_WARN_EMPTY_BODY = YES;
				CLANG_WARN_ENUM_CONVERSION = YES;
				CLANG_WARN_INFINITE_RECURSION = YES;
				CLANG_WARN_INT_CONVERSION = YES;
				CLANG_WARN_NON_LITERAL_NULL_CONVERSION = YES;
				CLANG_WARN_OBJC_IMPLICIT_RETAIN_SELF = YES;
				CLANG_WARN_OBJC_LITERAL_CONVERSION = YES;
				CLANG_WARN_OBJC_ROOT_CLASS = YES_ERROR;
				CLANG_WARN_RANGE_LOOP_ANALYSIS = YES;
				CLANG_WARN_STRICT_PROTOTYPES = YES;
				CLANG_WARN_SUSPICIOUS_MOVE = YES;
				CLANG_WARN_UNGUARDED_AVAILABILITY = YES_AGGRESSIVE;
				CLANG_WARN_UNREACHABLE_CODE = YES;
				CLANG_WARN__DUPLICATE_METHOD_MATCH = YES;
				CODE_SIGN_IDENTITY = "iPhone Developer";
				COPY_PHASE_STRIP = NO;
				DEBUG_INFORMATION_FORMAT = "dwarf-with-dsym";
				ENABLE_NS_ASSERTIONS = NO;
				ENABLE_STRICT_OBJC_MSGSEND = YES;
				GCC_C_LANGUAGE_STANDARD = gnu11;
				GCC_NO_COMMON_BLOCKS = YES;
				GCC_WARN_64_TO_32_BIT_CONVERSION = YES;
				GCC_WARN_ABOUT_RETURN_TYPE = YES_ERROR;
				GCC_WARN_UNDECLARED_SELECTOR = YES;
				GCC_WARN_UNINITIALIZED_AUTOS = YES_AGGRESSIVE;
				GCC_WARN_UNUSED_FUNCTION = YES;
				GCC_WARN_UNUSED_VARIABLE = YES;
				IPHONEOS_DEPLOYMENT_TARGET = 11.3;
				MTL_ENABLE_DEBUG_INFO = NO;
				SDKROOT = iphoneos;
				SWIFT_COMPILATION_MODE = wholemodule;
				SWIFT_OPTIMIZATION_LEVEL = "-O";
				VALIDATE_PRODUCT = YES;
			};
			name = Release;
		};
		7FC1FD5F2082C8850000ADF8 /* Debug */ = {
			isa = XCBuildConfiguration;
			buildSettings = {
				ASSETCATALOG_COMPILER_APPICON_NAME = AppIcon;
				CODE_SIGN_STYLE = Automatic;
				INFOPLIST_FILE = JobPortal/Info.plist;
				LD_RUNPATH_SEARCH_PATHS = (
					"$(inherited)",
					"@executable_path/Frameworks",
				);
				PRODUCT_BUNDLE_IDENTIFIER = Smartphones.JobPortal;
				PRODUCT_NAME = "$(TARGET_NAME)";
				SWIFT_VERSION = 4.0;
				TARGETED_DEVICE_FAMILY = "1,2";
			};
			name = Debug;
		};
		7FC1FD602082C8850000ADF8 /* Release */ = {
			isa = XCBuildConfiguration;
			buildSettings = {
				ASSETCATALOG_COMPILER_APPICON_NAME = AppIcon;
				CODE_SIGN_STYLE = Automatic;
				INFOPLIST_FILE = JobPortal/Info.plist;
				LD_RUNPATH_SEARCH_PATHS = (
					"$(inherited)",
					"@executable_path/Frameworks",
				);
				PRODUCT_BUNDLE_IDENTIFIER = Smartphones.JobPortal;
				PRODUCT_NAME = "$(TARGET_NAME)";
				SWIFT_VERSION = 4.0;
				TARGETED_DEVICE_FAMILY = "1,2";
			};
			name = Release;
		};
/* End XCBuildConfiguration section */

/* Begin XCConfigurationList section */
		7FC1FD472082C8830000ADF8 /* Build configuration list for PBXProject "JobPortal" */ = {
			isa = XCConfigurationList;
			buildConfigurations = (
				7FC1FD5C2082C8850000ADF8 /* Debug */,
				7FC1FD5D2082C8850000ADF8 /* Release */,
			);
			defaultConfigurationIsVisible = 0;
			defaultConfigurationName = Release;
		};
		7FC1FD5E2082C8850000ADF8 /* Build configuration list for PBXNativeTarget "JobPortal" */ = {
			isa = XCConfigurationList;
			buildConfigurations = (
				7FC1FD5F2082C8850000ADF8 /* Debug */,
				7FC1FD602082C8850000ADF8 /* Release */,
			);
			defaultConfigurationIsVisible = 0;
			defaultConfigurationName = Release;
		};
/* End XCConfigurationList section */
	};
	rootObject = 7FC1FD442082C8830000ADF8 /* Project object */;
}
